
Microsoft Visual Studio Solution File, Format Version 12.00
# Visual Studio Version 17
VisualStudioVersion = 17.12.35707.178 d17.12
MinimumVisualStudioVersion = 10.0.40219.1
Project("{FAE04EC0-301F-11D3-BF4B-00C04F79EFBC}") = "FinalProject", "FinalProjectConsole\FinalProject.csproj", "{D900CA09-DAD0-4EC0-8B80-F0F306B10344}"
EndProject
Project("{FAE04EC0-301F-11D3-BF4B-00C04F79EFBC}") = "FinalProjectLibrary", "FinalProjectLibrary\FinalProjectLibrary.csproj", "{DEF51ED9-C526-4232-AD7A-32CE40B32FBB}"
EndProject
Global
	GlobalSection(SolutionConfigurationPlatforms) = preSolution
		Debug|Any CPU = Debug|Any CPU
		Release|Any CPU = Release|Any CPU
	EndGlobalSection
	GlobalSection(ProjectConfigurationPlatforms) = postSolution
		{D900CA09-DAD0-4EC0-8B80-F0F306B10344}.Debug|Any CPU.ActiveCfg = Debug|Any CPU
		{D900CA09-DAD0-4EC0-8B80-F0F306B10344}.Debug|Any CPU.Build.0 = Debug|Any CPU
		{D900CA09-DAD0-4EC0-8B80-F0F306B10344}.Release|Any CPU.ActiveCfg = Release|Any CPU
		{D900CA09-DAD0-4EC0-8B80-F0F306B10344}.Release|Any CPU.Build.0 = Release|Any CPU
		{DEF51ED9-C526-4232-AD7A-32CE40B32FBB}.Debug|Any CPU.ActiveCfg = Debug|Any CPU
		{DEF51ED9-C526-4232-AD7A-32CE40B32FBB}.Debug|Any CPU.Build.0 = Debug|Any CPU
		{DEF51ED9-C526-4232-AD7A-32CE40B32FBB}.Release|Any CPU.ActiveCfg = Release|Any CPU
		{DEF51ED9-C526-4232-AD7A-32CE40B32FBB}.Release|Any CPU.Build.0 = Release|Any CPU
	EndGlobalSection
	GlobalSection(SolutionProperties) = preSolution
		HideSolutionNode = FALSE
	EndGlobalSection
EndGlobal
